
Microsoft Visual Studio Solution File, Format Version 11.00
# Visual Studio 2010
Project("{FAE04EC0-301F-11D3-BF4B-00C04F79EFBC}") = "Assembly-CSharp", "Assembly-CSharp.csproj", "{A9C75FCC-8969-84DD-B3A7-149E4DFE3E25}"
EndProject
Project("{FAE04EC0-301F-11D3-BF4B-00C04F79EFBC}") = "NavMeshComponents", "NavMeshComponents.csproj", "{9726F5A8-8484-D1DC-D7D0-D3E74D38E688}"
EndProject
Project("{FAE04EC0-301F-11D3-BF4B-00C04F79EFBC}") = "NavMeshComponentsEditor", "NavMeshComponentsEditor.csproj", "{3C10AADC-0887-48BF-D4E6-E787134CBC58}"
EndProject
Global
	GlobalSection(SolutionConfigurationPlatforms) = preSolution
		Debug|Any CPU = Debug|Any CPU
		Release|Any CPU = Release|Any CPU
	EndGlobalSection
	GlobalSection(ProjectConfigurationPlatforms) = postSolution
		{A9C75FCC-8969-84DD-B3A7-149E4DFE3E25}.Debug|Any CPU.ActiveCfg = Debug|Any CPU
		{A9C75FCC-8969-84DD-B3A7-149E4DFE3E25}.Debug|Any CPU.Build.0 = Debug|Any CPU
		{A9C75FCC-8969-84DD-B3A7-149E4DFE3E25}.Release|Any CPU.ActiveCfg = Release|Any CPU
		{A9C75FCC-8969-84DD-B3A7-149E4DFE3E25}.Release|Any CPU.Build.0 = Release|Any CPU
		{9726F5A8-8484-D1DC-D7D0-D3E74D38E688}.Debug|Any CPU.ActiveCfg = Debug|Any CPU
		{9726F5A8-8484-D1DC-D7D0-D3E74D38E688}.Debug|Any CPU.Build.0 = Debug|Any CPU
		{9726F5A8-8484-D1DC-D7D0-D3E74D38E688}.Release|Any CPU.ActiveCfg = Release|Any CPU
		{9726F5A8-8484-D1DC-D7D0-D3E74D38E688}.Release|Any CPU.Build.0 = Release|Any CPU
		{3C10AADC-0887-48BF-D4E6-E787134CBC58}.Debug|Any CPU.ActiveCfg = Debug|Any CPU
		{3C10AADC-0887-48BF-D4E6-E787134CBC58}.Debug|Any CPU.Build.0 = Debug|Any CPU
		{3C10AADC-0887-48BF-D4E6-E787134CBC58}.Release|Any CPU.ActiveCfg = Release|Any CPU
		{3C10AADC-0887-48BF-D4E6-E787134CBC58}.Release|Any CPU.Build.0 = Release|Any CPU
	EndGlobalSection
	GlobalSection(SolutionProperties) = preSolution
		HideSolutionNode = FALSE
	EndGlobalSection
EndGlobal
